
Microsoft Visual Studio Solution File, Format Version 12.00
# Visual Studio Version 16
VisualStudioVersion = 16.0.31911.196
MinimumVisualStudioVersion = 10.0.40219.1
Project("{FAE04EC0-301F-11D3-BF4B-00C04F79EFBC}") = "ftpClient", "ftpClient\ftpClient.csproj", "{C1F79856-FD34-4A3E-B25B-0FBD08291D10}"
EndProject
Global
	GlobalSection(SolutionConfigurationPlatforms) = preSolution
		Debug|Any CPU = Debug|Any CPU
		Release|Any CPU = Release|Any CPU
	EndGlobalSection
	GlobalSection(ProjectConfigurationPlatforms) = postSolution
		{C1F79856-FD34-4A3E-B25B-0FBD08291D10}.Debug|Any CPU.ActiveCfg = Debug|Any CPU
		{C1F79856-FD34-4A3E-B25B-0FBD08291D10}.Debug|Any CPU.Build.0 = Debug|Any CPU
		{C1F79856-FD34-4A3E-B25B-0FBD08291D10}.Release|Any CPU.ActiveCfg = Release|Any CPU
		{C1F79856-FD34-4A3E-B25B-0FBD08291D10}.Release|Any CPU.Build.0 = Release|Any CPU
	EndGlobalSection
	GlobalSection(SolutionProperties) = preSolution
		HideSolutionNode = FALSE
	EndGlobalSection
	GlobalSection(ExtensibilityGlobals) = postSolution
		SolutionGuid = {704A9C7A-9502-42F0-84D0-4038EB62E395}
	EndGlobalSection
EndGlobal
